
Microsoft Visual Studio Solution File, Format Version 12.00
# Visual Studio Version 16
VisualStudioVersion = 16.0.31729.503
MinimumVisualStudioVersion = 10.0.40219.1
Project("{FAE04EC0-301F-11D3-BF4B-00C04F79EFBC}") = "Coin-Information", "Coin-Information\Coin-Information.csproj", "{509211A3-559F-4E47-B214-B21D0C281052}"
EndProject
Global
	GlobalSection(SolutionConfigurationPlatforms) = preSolution
		Debug|Any CPU = Debug|Any CPU
		Release|Any CPU = Release|Any CPU
	EndGlobalSection
	GlobalSection(ProjectConfigurationPlatforms) = postSolution
		{509211A3-559F-4E47-B214-B21D0C281052}.Debug|Any CPU.ActiveCfg = Debug|Any CPU
		{509211A3-559F-4E47-B214-B21D0C281052}.Debug|Any CPU.Build.0 = Debug|Any CPU
		{509211A3-559F-4E47-B214-B21D0C281052}.Release|Any CPU.ActiveCfg = Release|Any CPU
		{509211A3-559F-4E47-B214-B21D0C281052}.Release|Any CPU.Build.0 = Release|Any CPU
	EndGlobalSection
	GlobalSection(SolutionProperties) = preSolution
		HideSolutionNode = FALSE
	EndGlobalSection
	GlobalSection(ExtensibilityGlobals) = postSolution
		SolutionGuid = {4CA893C1-7A4F-4BF8-82F3-DA6F7FC5D05E}
	EndGlobalSection
EndGlobal
